
Microsoft Visual Studio Solution File, Format Version 12.00
# Visual Studio Version 17
VisualStudioVersion = 17.6.33829.357
MinimumVisualStudioVersion = 10.0.40219.1
Project("{FAE04EC0-301F-11D3-BF4B-00C04F79EFBC}") = "PlayWrightUIE2E", "PlayWrightUIE2E.csproj", "{959F85EF-E12C-4F92-8A6E-E7E29ED25088}"
EndProject
Global
	GlobalSection(SolutionConfigurationPlatforms) = preSolution
		Debug|Any CPU = Debug|Any CPU
		Release|Any CPU = Release|Any CPU
	EndGlobalSection
	GlobalSection(ProjectConfigurationPlatforms) = postSolution
		{959F85EF-E12C-4F92-8A6E-E7E29ED25088}.Debug|Any CPU.ActiveCfg = Debug|Any CPU
		{959F85EF-E12C-4F92-8A6E-E7E29ED25088}.Debug|Any CPU.Build.0 = Debug|Any CPU
		{959F85EF-E12C-4F92-8A6E-E7E29ED25088}.Release|Any CPU.ActiveCfg = Release|Any CPU
		{959F85EF-E12C-4F92-8A6E-E7E29ED25088}.Release|Any CPU.Build.0 = Release|Any CPU
	EndGlobalSection
	GlobalSection(SolutionProperties) = preSolution
		HideSolutionNode = FALSE
	EndGlobalSection
	GlobalSection(ExtensibilityGlobals) = postSolution
		SolutionGuid = {90E03F06-5F41-455C-8638-1F18C4FDE999}
	EndGlobalSection
EndGlobal
